# THIS IS AN AUTOGENERATED FILE. DO NOT EDIT THIS FILE DIRECTLY.
# yarn lockfile v1


abbrev@1, abbrev@1.0.x:
  version "1.0.9"
  resolved "https://unpm.uberinternal.com/abbrev/-/abbrev-1.0.9.tgz#91b4792588a7738c25f35dd6f63752a2f8776135"

align-text@^0.1.1, align-text@^0.1.3:
  version "0.1.4"
  resolved "https://unpm.uberinternal.com/align-text/-/align-text-0.1.4.tgz#0cd90a561093f35d0a99256c22b7069433fad117"
  dependencies:
    kind-of "^3.0.2"
    longest "^1.0.1"
    repeat-string "^1.5.2"

amdefine@>=0.0.4:
  version "1.0.1"
  resolved "https://unpm.uberinternal.com/amdefine/-/amdefine-1.0.1.tgz#4a5282ac164729e93619bcfd3ad151f817ce91f5"

ansi-regex@^0.2.0, ansi-regex@^0.2.1:
  version "0.2.1"
  resolved "https://unpm.uberinternal.com/ansi-regex/-/ansi-regex-0.2.1.tgz#0d8e946967a3d8143f93e24e298525fc1b2235f9"

ansi-styles@^1.1.0:
  version "1.1.0"
  resolved "https://unpm.uberinternal.com/ansi-styles/-/ansi-styles-1.1.0.tgz#eaecbf66cd706882760b2f4691582b8f55d7a7de"

argparse@^1.0.7, "argparse@~ 1.0.0":
  version "1.0.9"
  resolved "https://unpm.uberinternal.com/argparse/-/argparse-1.0.9.tgz#73d83bc263f86e97f8cc4f6bae1b0e90a7d22c86"
  dependencies:
    sprintf-js "~1.0.2"

asap@~2.0.3:
  version "2.0.5"
  resolved "https://unpm.uberinternal.com/asap/-/asap-2.0.5.tgz#522765b50c3510490e52d7dcfe085ef9ba96958f"

async@1.x, async@^1.4.0:
  version "1.5.2"
  resolved "https://unpm.uberinternal.com/async/-/async-1.5.2.tgz#ec6a61ae56480c0c3cb241c95618e20892f9672a"

async@~0.9.0:
  version "0.9.2"
  resolved "https://unpm.uberinternal.com/async/-/async-0.9.2.tgz#aea74d5e61c1f899613bf64bda66d4c78f2fd17d"

balanced-match@^0.4.1:
  version "0.4.2"
  resolved "https://unpm.uberinternal.com/balanced-match/-/balanced-match-0.4.2.tgz#cb3f3e3c732dc0f01ee70b403f302e61d7709838"

brace-expansion@^1.0.0:
  version "1.1.7"
  resolved "https://unpm.uberinternal.com/brace-expansion/-/brace-expansion-1.1.7.tgz#3effc3c50e000531fb720eaff80f0ae8ef23cf59"
  dependencies:
    balanced-match "^0.4.1"
    concat-map "0.0.1"

buffer-shims@~1.0.0:
  version "1.0.0"
  resolved "https://unpm.uberinternal.com/buffer-shims/-/buffer-shims-1.0.0.tgz#9978ce317388c649ad8793028c3477ef044a8b51"

camelcase@^1.0.2:
  version "1.2.1"
  resolved "https://unpm.uberinternal.com/camelcase/-/camelcase-1.2.1.tgz#9bb5304d2e0b56698b2c758b08a3eaa9daa58a39"

center-align@^0.1.1:
  version "0.1.3"
  resolved "https://unpm.uberinternal.com/center-align/-/center-align-0.1.3.tgz#aa0d32629b6ee972200411cbd4461c907bc2b7ad"
  dependencies:
    align-text "^0.1.3"
    lazy-cache "^1.0.3"

chalk@^0.5.1, chalk@~0.5.1:
  version "0.5.1"
  resolved "https://unpm.uberinternal.com/chalk/-/chalk-0.5.1.tgz#663b3a648b68b55d04690d49167aa837858f2174"
  dependencies:
    ansi-styles "^1.1.0"
    escape-string-regexp "^1.0.0"
    has-ansi "^0.1.0"
    strip-ansi "^0.3.0"
    supports-color "^0.2.0"

classnames@^2.2.5:
  version "2.2.5"
  resolved "https://unpm.uberinternal.com/classnames/-/classnames-2.2.5.tgz#fb3801d453467649ef3603c7d61a02bd129bde6d"

cli@0.6.x:
  version "0.6.6"
  resolved "https://unpm.uberinternal.com/cli/-/cli-0.6.6.tgz#02ad44a380abf27adac5e6f0cdd7b043d74c53e3"
  dependencies:
    exit "0.1.2"
    glob "~ 3.2.1"

cliui@^2.1.0:
  version "2.1.0"
  resolved "https://unpm.uberinternal.com/cliui/-/cliui-2.1.0.tgz#4b475760ff80264c762c3a1719032e91c7fea0d1"
  dependencies:
    center-align "^0.1.1"
    right-align "^0.1.1"
    wordwrap "0.0.2"

colors@~1.0.3:
  version "1.0.3"
  resolved "https://unpm.uberinternal.com/colors/-/colors-1.0.3.tgz#0433f44d809680fdeb60ed260f1b0c262e82a40b"

commander@^2.2.0:
  version "2.9.0"
  resolved "https://unpm.uberinternal.com/commander/-/commander-2.9.0.tgz#9c99094176e12240cb22d6c5146098400fe0f7d4"
  dependencies:
    graceful-readlink ">= 1.0.0"

commander@~2.5.0:
  version "2.5.1"
  resolved "https://unpm.uberinternal.com/commander/-/commander-2.5.1.tgz#23c61f6e47be143cc02e7ad4bb1c47f5cd5a2883"

commondir@0.0.1:
  version "0.0.1"
  resolved "https://unpm.uberinternal.com/commondir/-/commondir-0.0.1.tgz#89f00fdcd51b519c578733fec563e6a6da7f5be2"

concat-map@0.0.1:
  version "0.0.1"
  resolved "https://unpm.uberinternal.com/concat-map/-/concat-map-0.0.1.tgz#d8a96bd77fd68df7793a73036a3ba0d5405d477b"

concat-stream@^1.4.6:
  version "1.6.0"
  resolved "https://unpm.uberinternal.com/concat-stream/-/concat-stream-1.6.0.tgz#0aac662fd52be78964d5532f694784e70110acf7"
  dependencies:
    inherits "^2.0.3"
    readable-stream "^2.2.2"
    typedarray "^0.0.6"

console-browserify@1.1.x:
  version "1.1.0"
  resolved "https://unpm.uberinternal.com/console-browserify/-/console-browserify-1.1.0.tgz#f0241c45730a9fc6323b206dbf38edc741d0bb10"
  dependencies:
    date-now "^0.1.4"

core-js@^1.0.0:
  version "1.2.7"
  resolved "https://unpm.uberinternal.com/core-js/-/core-js-1.2.7.tgz#652294c14651db28fa93bd2d5ff2983a4f08c636"

core-util-is@~1.0.0:
  version "1.0.2"
  resolved "https://unpm.uberinternal.com/core-util-is/-/core-util-is-1.0.2.tgz#b5fd54220aa2bc5ab57aab7140c940754503c1a7"

date-now@^0.1.4:
  version "0.1.4"
  resolved "https://unpm.uberinternal.com/date-now/-/date-now-0.1.4.tgz#eaf439fd4d4848ad74e5cc7dbef200672b9e345b"

debug@^2.0.0, debug@^2.1.1:
  version "2.6.3"
  resolved "https://unpm.uberinternal.com/debug/-/debug-2.6.3.tgz#0f7eb8c30965ec08c72accfa0130c8b79984141d"
  dependencies:
    ms "0.7.2"

decamelize@^1.0.0:
  version "1.2.0"
  resolved "https://unpm.uberinternal.com/decamelize/-/decamelize-1.2.0.tgz#f6534d15148269b20352e7bee26f501f9a191290"

deep-equal@~0.2.0:
  version "0.2.2"
  resolved "https://unpm.uberinternal.com/deep-equal/-/deep-equal-0.2.2.tgz#84b745896f34c684e98f2ce0e42abaf43bba017d"

deep-extend@~0.3.2:
  version "0.3.3"
  resolved "https://unpm.uberinternal.com/deep-extend/-/deep-extend-0.3.3.tgz#2e8adfe69ed580ea019ce2efa9fa5f5106ea39c7"

deep-is@~0.1.2:
  version "0.1.3"
  resolved "https://unpm.uberinternal.com/deep-is/-/deep-is-0.1.3.tgz#b369d6fb5dbc13eecf524f91b070feedc357cf34"

defined@~0.0.0:
  version "0.0.0"
  resolved "https://unpm.uberinternal.com/defined/-/defined-0.0.0.tgz#f35eea7d705e933baf13b2f03b3f83d921403b3e"

detect-indent@^3.0.0:
  version "3.0.1"
  resolved "https://unpm.uberinternal.com/detect-indent/-/detect-indent-3.0.1.tgz#9dc5e5ddbceef8325764b9451b02bc6d54084f75"
  dependencies:
    get-stdin "^4.0.1"
    minimist "^1.1.0"
    repeating "^1.1.0"

doctrine@^0.6.2:
  version "0.6.4"
  resolved "https://unpm.uberinternal.com/doctrine/-/doctrine-0.6.4.tgz#81428491a942ef18b0492056eda3800eee57d61d"
  dependencies:
    esutils "^1.1.6"
    isarray "0.0.1"

dom-serializer@0:
  version "0.1.0"
  resolved "https://unpm.uberinternal.com/dom-serializer/-/dom-serializer-0.1.0.tgz#073c697546ce0780ce23be4a28e293e40bc30c82"
  dependencies:
    domelementtype "~1.1.1"
    entities "~1.1.1"

domelementtype@1:
  version "1.3.0"
  resolved "https://unpm.uberinternal.com/domelementtype/-/domelementtype-1.3.0.tgz#b17aed82e8ab59e52dd9c19b1756e0fc187204c2"

domelementtype@~1.1.1:
  version "1.1.3"
  resolved "https://unpm.uberinternal.com/domelementtype/-/domelementtype-1.1.3.tgz#bd28773e2642881aec51544924299c5cd822185b"

domhandler@2.3:
  version "2.3.0"
  resolved "https://unpm.uberinternal.com/domhandler/-/domhandler-2.3.0.tgz#2de59a0822d5027fabff6f032c2b25a2a8abe738"
  dependencies:
    domelementtype "1"

domutils@1.5:
  version "1.5.1"
  resolved "https://unpm.uberinternal.com/domutils/-/domutils-1.5.1.tgz#dcd8488a26f563d61079e48c9f7b7e32373682cf"
  dependencies:
    dom-serializer "0"
    domelementtype "1"

dotty@0.0.2:
  version "0.0.2"
  resolved "https://unpm.uberinternal.com/dotty/-/dotty-0.0.2.tgz#e1de8d46267b62fade12b5b58c21ca514c4a7aa1"

duplexer@~0.1.1:
  version "0.1.1"
  resolved "https://unpm.uberinternal.com/duplexer/-/duplexer-0.1.1.tgz#ace6ff808c1ce66b57d1ebf97977acb02334cfc1"

encoding@^0.1.11:
  version "0.1.12"
  resolved "https://unpm.uberinternal.com/encoding/-/encoding-0.1.12.tgz#538b66f3ee62cd1ab51ec323829d1f9480c74beb"
  dependencies:
    iconv-lite "~0.4.13"

entities@1.0:
  version "1.0.0"
  resolved "https://unpm.uberinternal.com/entities/-/entities-1.0.0.tgz#b2987aa3821347fcde642b24fdfc9e4fb712bf26"

entities@~1.1.1:
  version "1.1.1"
  resolved "https://unpm.uberinternal.com/entities/-/entities-1.1.1.tgz#6e5c2d0a5621b5dadaecef80b90edfb5cd7772f0"

escape-string-regexp@^1.0.0:
  version "1.0.5"
  resolved "https://unpm.uberinternal.com/escape-string-regexp/-/escape-string-regexp-1.0.5.tgz#1b61c0562190a8dff6ae3bb2cf0200ca130b86d4"

escodegen@1.7.x:
  version "1.7.1"
  resolved "https://unpm.uberinternal.com/escodegen/-/escodegen-1.7.1.tgz#30ecfcf66ca98dc67cd2fd162abeb6eafa8ce6fc"
  dependencies:
    esprima "^1.2.2"
    estraverse "^1.9.1"
    esutils "^2.0.2"
    optionator "^0.5.0"
  optionalDependencies:
    source-map "~0.2.0"

escope@~1.0.0:
  version "1.0.3"
  resolved "https://unpm.uberinternal.com/escope/-/escope-1.0.3.tgz#759dce8496c4248fec2d0caaf4108bcf3f1a7f5d"
  dependencies:
    estraverse "^2.0.0"

eslint@~0.11.0:
  version "0.11.0"
  resolved "https://unpm.uberinternal.com/eslint/-/eslint-0.11.0.tgz#f57d92cfac1d206a01a96e4662f3af88141ab526"
  dependencies:
    chalk "~0.5.1"
    concat-stream "^1.4.6"
    debug "^2.0.0"
    doctrine "^0.6.2"
    escope "~1.0.0"
    espree "^1.4.0"
    estraverse "~1.5.1"
    globals "^4.0.0"
    js-yaml "~3.2.2"
    minimatch "^1.0.0"
    mkdirp "^0.5.0"
    object-assign "^1.0.0"
    optionator "^0.4.0"
    strip-json-comments "~1.0.1"
    text-table "~0.2.0"
    user-home "^1.0.0"
    xml-escape "~1.0.0"

espree@^1.4.0:
  version "1.12.3"
  resolved "https://unpm.uberinternal.com/espree/-/espree-1.12.3.tgz#04ceeada91bda077a38c040c125ba186b13bb3cc"

esprima-harmony-jscs@1.1.0-dev-harmony:
  version "1.1.0-dev-harmony"
  resolved "https://unpm.uberinternal.com/esprima-harmony-jscs/-/esprima-harmony-jscs-1.1.0-dev-harmony.tgz#10041935337145f09965c34acf65b09f9eee49e4"

esprima@2.5.x:
  version "2.5.0"
  resolved "https://unpm.uberinternal.com/esprima/-/esprima-2.5.0.tgz#f387a46fd344c1b1a39baf8c20bfb43b6d0058cc"

esprima@^1.2.2, esprima@~1.2.2:
  version "1.2.5"
  resolved "https://unpm.uberinternal.com/esprima/-/esprima-1.2.5.tgz#0993502feaf668138325756f30f9a51feeec11e9"

esprima@^3.1.1:
  version "3.1.3"
  resolved "https://unpm.uberinternal.com/esprima/-/esprima-3.1.3.tgz#fdca51cee6133895e3c88d535ce49dbff62a4633"

"esprima@~ 2.0.0":
  version "2.0.0"
  resolved "https://unpm.uberinternal.com/esprima/-/esprima-2.0.0.tgz#609ac5c2667eae5433b41eb9ecece2331b41498f"

estraverse@^1.9.1:
  version "1.9.3"
  resolved "https://unpm.uberinternal.com/estraverse/-/estraverse-1.9.3.tgz#af67f2dc922582415950926091a4005d29c9bb44"

estraverse@^2.0.0:
  version "2.0.0"
  resolved "https://unpm.uberinternal.com/estraverse/-/estraverse-2.0.0.tgz#5ae46963243600206674ccb24a09e16674fcdca1"

estraverse@~1.5.1:
  version "1.5.1"
  resolved "https://unpm.uberinternal.com/estraverse/-/estraverse-1.5.1.tgz#867a3e8e58a9f84618afb6c2ddbcd916b7cbaf71"

estraverse@~1.8.0:
  version "1.8.0"
  resolved "https://unpm.uberinternal.com/estraverse/-/estraverse-1.8.0.tgz#3f1264fb62c8500dbae5e4f73705cd576d6af428"

esutils@^1.1.6:
  version "1.1.6"
  resolved "https://unpm.uberinternal.com/esutils/-/esutils-1.1.6.tgz#c01ccaa9ae4b897c6d0c3e210ae52f3c7a844375"

esutils@^2.0.2:
  version "2.0.2"
  resolved "https://unpm.uberinternal.com/esutils/-/esutils-2.0.2.tgz#0abf4f1caa5bcb1f7a9d8acc6dea4faaa04bac9b"

event-stream@^3.2.1:
  version "3.3.4"
  resolved "https://unpm.uberinternal.com/event-stream/-/event-stream-3.3.4.tgz#4ab4c9a0f5a54db9338b4c34d86bfce8f4b35571"
  dependencies:
    duplexer "~0.1.1"
    from "~0"
    map-stream "~0.1.0"
    pause-stream "0.0.11"
    split "0.3"
    stream-combiner "~0.0.4"
    through "~2.3.1"

exit@0.1.2, exit@0.1.x, exit@~0.1.2:
  version "0.1.2"
  resolved "https://unpm.uberinternal.com/exit/-/exit-0.1.2.tgz#0632638f8d877cc82107d30a0fff1a17cba1cd0c"

extend@^2.0.0:
  version "2.0.1"
  resolved "https://unpm.uberinternal.com/extend/-/extend-2.0.1.tgz#1ee8010689e7395ff9448241c98652bc759a8260"

fast-levenshtein@~1.0.0:
  version "1.0.7"
  resolved "https://unpm.uberinternal.com/fast-levenshtein/-/fast-levenshtein-1.0.7.tgz#0178dcdee023b92905193af0959e8a7639cfdcb9"

fbjs@^0.8.9:
  version "0.8.12"
  resolved "https://unpm.uberinternal.com/fbjs/-/fbjs-0.8.12.tgz#10b5d92f76d45575fd63a217d4ea02bea2f8ed04"
  dependencies:
    core-js "^1.0.0"
    isomorphic-fetch "^2.1.1"
    loose-envify "^1.0.0"
    object-assign "^4.1.0"
    promise "^7.1.1"
    setimmediate "^1.0.5"
    ua-parser-js "^0.7.9"

fileset@0.2.x:
  version "0.2.1"
  resolved "https://unpm.uberinternal.com/fileset/-/fileset-0.2.1.tgz#588ef8973c6623b2a76df465105696b96aac8067"
  dependencies:
    glob "5.x"
    minimatch "2.x"

find-parent-dir@^0.3.0:
  version "0.3.0"
  resolved "https://unpm.uberinternal.com/find-parent-dir/-/find-parent-dir-0.3.0.tgz#33c44b429ab2b2f0646299c5f9f718f376ff8d54"

for-each@^0.3.2:
  version "0.3.2"
  resolved "https://unpm.uberinternal.com/for-each/-/for-each-0.3.2.tgz#2c40450b9348e97f281322593ba96704b9abd4d4"
  dependencies:
    is-function "~1.0.0"

from@~0:
  version "0.1.7"
  resolved "https://unpm.uberinternal.com/from/-/from-0.1.7.tgz#83c60afc58b9c56997007ed1a768b3ab303a44fe"

fs.realpath@^1.0.0:
  version "1.0.0"
  resolved "https://unpm.uberinternal.com/fs.realpath/-/fs.realpath-1.0.0.tgz#1504ad2523158caa40db4a2787cb01411994ea4f"

fstream-ignore@~1.0.2:
  version "1.0.5"
  resolved "https://unpm.uberinternal.com/fstream-ignore/-/fstream-ignore-1.0.5.tgz#9c31dae34767018fe1d249b24dada67d092da105"
  dependencies:
    fstream "^1.0.0"
    inherits "2"
    minimatch "^3.0.0"

fstream@^1.0.0:
  version "1.0.11"
  resolved "https://unpm.uberinternal.com/fstream/-/fstream-1.0.11.tgz#5c1fb1f117477114f0632a0eb4b71b3cb0fd3171"
  dependencies:
    graceful-fs "^4.1.2"
    inherits "~2.0.0"
    mkdirp ">=0.5 0"
    rimraf "2"

get-stdin@^4.0.1:
  version "4.0.1"
  resolved "https://unpm.uberinternal.com/get-stdin/-/get-stdin-4.0.1.tgz#b968c6b0a04384324902e8bf1a5df32579a450fe"

glob@5.x:
  version "5.0.15"
  resolved "https://unpm.uberinternal.com/glob/-/glob-5.0.15.tgz#1bc936b9e02f4a603fcc222ecf7633d30b8b93b1"
  dependencies:
    inflight "^1.0.4"
    inherits "2"
    minimatch "2 || 3"
    once "^1.3.0"
    path-is-absolute "^1.0.0"

glob@^7.0.5:
  version "7.1.1"
  resolved "https://unpm.uberinternal.com/glob/-/glob-7.1.1.tgz#805211df04faaf1c63a3600306cdf5ade50b2ec8"
  dependencies:
    fs.realpath "^1.0.0"
    inflight "^1.0.4"
    inherits "2"
    minimatch "^3.0.2"
    once "^1.3.0"
    path-is-absolute "^1.0.0"

"glob@~ 3.2.1", glob@~3.2.9:
  version "3.2.11"
  resolved "https://unpm.uberinternal.com/glob/-/glob-3.2.11.tgz#4a973f635b9190f715d10987d5c00fd2815ebe3d"
  dependencies:
    inherits "2"
    minimatch "0.3"

glob@~4.0.0:
  version "4.0.6"
  resolved "https://unpm.uberinternal.com/glob/-/glob-4.0.6.tgz#695c50bdd4e2fb5c5d370b091f388d3707e291a7"
  dependencies:
    graceful-fs "^3.0.2"
    inherits "2"
    minimatch "^1.0.0"
    once "^1.3.0"

globals@^4.0.0:
  version "4.0.0"
  resolved "https://unpm.uberinternal.com/globals/-/globals-4.0.0.tgz#9a68887ae12f70858ae9372a02e1b87827bd56e3"

graceful-fs@^3.0.2:
  version "3.0.11"
  resolved "https://unpm.uberinternal.com/graceful-fs/-/graceful-fs-3.0.11.tgz#7613c778a1afea62f25c630a086d7f3acbbdd818"
  dependencies:
    natives "^1.1.0"

graceful-fs@^4.1.2:
  version "4.1.11"
  resolved "https://unpm.uberinternal.com/graceful-fs/-/graceful-fs-4.1.11.tgz#0e8bdfe4d1ddb8854d64e04ea7c00e2a026e5658"

"graceful-readlink@>= 1.0.0":
  version "1.0.1"
  resolved "https://unpm.uberinternal.com/graceful-readlink/-/graceful-readlink-1.0.1.tgz#4cafad76bc62f02fa039b2f94e9a3dd3a391a725"

handlebars@^4.0.1:
  version "4.0.6"
  resolved "https://unpm.uberinternal.com/handlebars/-/handlebars-4.0.6.tgz#2ce4484850537f9c97a8026d5399b935c4ed4ed7"
  dependencies:
    async "^1.4.0"
    optimist "^0.6.1"
    source-map "^0.4.4"
  optionalDependencies:
    uglify-js "^2.6"

has-ansi@^0.1.0:
  version "0.1.0"
  resolved "https://unpm.uberinternal.com/has-ansi/-/has-ansi-0.1.0.tgz#84f265aae8c0e6a88a12d7022894b7568894c62e"
  dependencies:
    ansi-regex "^0.2.0"

has-flag@^1.0.0:
  version "1.0.0"
  resolved "https://unpm.uberinternal.com/has-flag/-/has-flag-1.0.0.tgz#9d9e793165ce017a00f00418c43f942a7b1d11fa"

htmlparser2@3.8.x:
  version "3.8.3"
  resolved "https://unpm.uberinternal.com/htmlparser2/-/htmlparser2-3.8.3.tgz#996c28b191516a8be86501a7d79757e5c70c1068"
  dependencies:
    domelementtype "1"
    domhandler "2.3"
    domutils "1.5"
    entities "1.0"
    readable-stream "1.1"

iconv-lite@~0.4.13:
  version "0.4.15"
  resolved "https://unpm.uberinternal.com/iconv-lite/-/iconv-lite-0.4.15.tgz#fe265a218ac6a57cfe854927e9d04c19825eddeb"

inflight@^1.0.4:
  version "1.0.6"
  resolved "https://unpm.uberinternal.com/inflight/-/inflight-1.0.6.tgz#49bd6331d7d02d0c09bc910a1075ba8165b56df9"
  dependencies:
    once "^1.3.0"
    wrappy "1"

inherits@2, inherits@^2.0.3, inherits@~2.0.0, inherits@~2.0.1:
  version "2.0.3"
  resolved "https://unpm.uberinternal.com/inherits/-/inherits-2.0.3.tgz#633c2c83e3da42a502f52466022480f4208261de"

is-buffer@^1.0.2:
  version "1.1.5"
  resolved "https://unpm.uberinternal.com/is-buffer/-/is-buffer-1.1.5.tgz#1f3b26ef613b214b88cbca23cc6c01d87961eecc"

is-finite@^1.0.0:
  version "1.0.2"
  resolved "https://unpm.uberinternal.com/is-finite/-/is-finite-1.0.2.tgz#cc6677695602be550ef11e8b4aa6305342b6d0aa"
  dependencies:
    number-is-nan "^1.0.0"

is-function@~1.0.0:
  version "1.0.1"
  resolved "https://unpm.uberinternal.com/is-function/-/is-function-1.0.1.tgz#12cfb98b65b57dd3d193a3121f5f6e2f437602b5"

is-stream@^1.0.1:
  version "1.1.0"
  resolved "https://unpm.uberinternal.com/is-stream/-/is-stream-1.1.0.tgz#12d4a3dd4e68e0b79ceb8dbc84173ae80d91ca44"

isarray@0.0.1:
  version "0.0.1"
  resolved "https://unpm.uberinternal.com/isarray/-/isarray-0.0.1.tgz#8a18acfca9a8f4177e09abfc6038939b05d1eedf"

isarray@~1.0.0:
  version "1.0.0"
  resolved "https://unpm.uberinternal.com/isarray/-/isarray-1.0.0.tgz#bb935d48582cba168c06834957a54a3e07124f11"

isexe@^2.0.0:
  version "2.0.0"
  resolved "https://unpm.uberinternal.com/isexe/-/isexe-2.0.0.tgz#e8fbf374dc556ff8947a10dcb0572d633f2cfa10"

isomorphic-fetch@^2.1.1:
  version "2.2.1"
  resolved "https://unpm.uberinternal.com/isomorphic-fetch/-/isomorphic-fetch-2.2.1.tgz#611ae1acf14f5e81f729507472819fe9733558a9"
  dependencies:
    node-fetch "^1.0.1"
    whatwg-fetch ">=0.10.0"

istanbul@^0.3.5:
  version "0.3.22"
  resolved "https://unpm.uberinternal.com/istanbul/-/istanbul-0.3.22.tgz#3e164d85021fe19c985d1f0e7ef0c3e22d012eb6"
  dependencies:
    abbrev "1.0.x"
    async "1.x"
    escodegen "1.7.x"
    esprima "2.5.x"
    fileset "0.2.x"
    handlebars "^4.0.1"
    js-yaml "3.x"
    mkdirp "0.5.x"
    nopt "3.x"
    once "1.x"
    resolve "1.1.x"
    supports-color "^3.1.0"
    which "^1.1.1"
    wordwrap "^1.0.0"

js-tokens@^3.0.0:
  version "3.0.1"
  resolved "https://unpm.uberinternal.com/js-tokens/-/js-tokens-3.0.1.tgz#08e9f132484a2c45a30907e9dc4d5567b7f114d7"

js-yaml@3.x:
  version "3.8.3"
  resolved "https://unpm.uberinternal.com/js-yaml/-/js-yaml-3.8.3.tgz#33a05ec481c850c8875929166fe1beb61c728766"
  dependencies:
    argparse "^1.0.7"
    esprima "^3.1.1"

js-yaml@~3.2.2:
  version "3.2.7"
  resolved "https://unpm.uberinternal.com/js-yaml/-/js-yaml-3.2.7.tgz#102790f265d986fe95a4d0f2a792e7a7bd886eec"
  dependencies:
    argparse "~ 1.0.0"
    esprima "~ 2.0.0"

jscs@~1.9.0:
  version "1.9.0"
  resolved "https://unpm.uberinternal.com/jscs/-/jscs-1.9.0.tgz#3394a1dbbfc20138992d90f1118f48283bd9e79f"
  dependencies:
    colors "~1.0.3"
    commander "~2.5.0"
    esprima "~1.2.2"
    esprima-harmony-jscs "1.1.0-dev-harmony"
    estraverse "~1.8.0"
    exit "~0.1.2"
    glob "~4.0.0"
    minimatch "~1.0.0"
    regenerate "~1.0.1"
    strip-json-comments "~1.0.1"
    supports-color "~1.2.0"
    unicode-6.3.0 "~0.1.5"
    vow "~0.4.3"
    vow-fs "~0.3.1"
    xmlbuilder "~2.4.0"

jshint@~2.5.11:
  version "2.5.11"
  resolved "https://unpm.uberinternal.com/jshint/-/jshint-2.5.11.tgz#e2d95858bbb1aa78300108a2e81099fb095622e0"
  dependencies:
    cli "0.6.x"
    console-browserify "1.1.x"
    exit "0.1.x"
    htmlparser2 "3.8.x"
    minimatch "1.0.x"
    shelljs "0.3.x"
    strip-json-comments "1.0.x"
    underscore "1.6.x"

jsonfile@~2.0.0:
  version "2.0.1"
  resolved "https://unpm.uberinternal.com/jsonfile/-/jsonfile-2.0.1.tgz#4d78eb5d7986539e4c9fe52c0b55ffacacb85bd3"

jsonparse@0.0.6:
  version "0.0.6"
  resolved "https://unpm.uberinternal.com/jsonparse/-/jsonparse-0.0.6.tgz#ab599f19324d4ae178fa21a930192ab11ab61a4e"

jsonstream2@^1.1.0:
  version "1.1.1"
  resolved "https://unpm.uberinternal.com/jsonstream2/-/jsonstream2-1.1.1.tgz#be70ed072d07922c906e96c100e23a239746d7d9"
  dependencies:
    jsonparse "0.0.6"
    through2 "^0.6.1"
    type-component "0.0.1"

just-omit@^1.0.1:
  version "1.0.1"
  resolved "https://unpm.uberinternal.com/just-omit/-/just-omit-1.0.1.tgz#0109882a2a11323d59034be805ee978b5b8999a4"

kind-of@^3.0.2:
  version "3.1.0"
  resolved "https://unpm.uberinternal.com/kind-of/-/kind-of-3.1.0.tgz#475d698a5e49ff5e53d14e3e732429dc8bf4cf47"
  dependencies:
    is-buffer "^1.0.2"

lazy-cache@^1.0.3:
  version "1.0.4"
  resolved "https://unpm.uberinternal.com/lazy-cache/-/lazy-cache-1.0.4.tgz#a1d78fc3a50474cb80845d3b3b6e1da49a446e8e"

levn@~0.2.5:
  version "0.2.5"
  resolved "https://unpm.uberinternal.com/levn/-/levn-0.2.5.tgz#ba8d339d0ca4a610e3a3f145b9caf48807155054"
  dependencies:
    prelude-ls "~1.1.0"
    type-check "~0.3.1"

lint-trap@^0.4.9:
  version "0.4.13"
  resolved "https://unpm.uberinternal.com/lint-trap/-/lint-trap-0.4.13.tgz#607aabe4972993b6a05ee999328c173cb04e14c2"
  dependencies:
    async "~0.9.0"
    chalk "^0.5.1"
    commondir "0.0.1"
    debug "^2.1.1"
    deep-extend "~0.3.2"
    detect-indent "^3.0.0"
    dotty "0.0.2"
    eslint "~0.11.0"
    event-stream "^3.2.1"
    extend "^2.0.0"
    find-parent-dir "^0.3.0"
    fstream-ignore "~1.0.2"
    jscs "~1.9.0"
    jshint "~2.5.11"
    jsonfile "~2.0.0"
    jsonstream2 "^1.1.0"
    minimist "~1.1.0"
    npm-which "^2.0.0"
    partial "0.0.3"
    pluralize "^1.1.0"
    process "^0.10.0"
    resolve "^1.0.0"
    text-table "^0.2.0"
    through2 "^0.6.3"
    through2-spy "^1.2.0"
    xtend "^4.0.0"

lodash-node@~2.4.1:
  version "2.4.1"
  resolved "https://unpm.uberinternal.com/lodash-node/-/lodash-node-2.4.1.tgz#ea82f7b100c733d1a42af76801e506105e2a80ec"

longest@^1.0.1:
  version "1.0.1"
  resolved "https://unpm.uberinternal.com/longest/-/longest-1.0.1.tgz#30a0b2da38f73770e8294a0d22e6625ed77d0097"

loose-envify@^1.0.0, loose-envify@^1.1.0:
  version "1.3.1"
  resolved "https://unpm.uberinternal.com/loose-envify/-/loose-envify-1.3.1.tgz#d1a8ad33fa9ce0e713d65fdd0ac8b748d478c848"
  dependencies:
    js-tokens "^3.0.0"

lru-cache@2:
  version "2.7.3"
  resolved "https://unpm.uberinternal.com/lru-cache/-/lru-cache-2.7.3.tgz#6d4524e8b955f95d4f5b58851ce21dd72fb4e952"

map-stream@~0.1.0:
  version "0.1.0"
  resolved "https://unpm.uberinternal.com/map-stream/-/map-stream-0.1.0.tgz#e56aa94c4c8055a16404a0674b78f215f7c8e194"

minimatch@0.3:
  version "0.3.0"
  resolved "https://unpm.uberinternal.com/minimatch/-/minimatch-0.3.0.tgz#275d8edaac4f1bb3326472089e7949c8394699dd"
  dependencies:
    lru-cache "2"
    sigmund "~1.0.0"

minimatch@1.0.x, minimatch@^1.0.0, minimatch@~1.0.0:
  version "1.0.0"
  resolved "https://unpm.uberinternal.com/minimatch/-/minimatch-1.0.0.tgz#e0dd2120b49e1b724ce8d714c520822a9438576d"
  dependencies:
    lru-cache "2"
    sigmund "~1.0.0"

"minimatch@2 || 3", minimatch@2.x:
  version "2.0.10"
  resolved "https://unpm.uberinternal.com/minimatch/-/minimatch-2.0.10.tgz#8d087c39c6b38c001b97fca7ce6d0e1e80afbac7"
  dependencies:
    brace-expansion "^1.0.0"

minimatch@^3.0.0, minimatch@^3.0.2:
  version "3.0.3"
  resolved "https://unpm.uberinternal.com/minimatch/-/minimatch-3.0.3.tgz#2a4e4090b96b2db06a9d7df01055a62a77c9b774"
  dependencies:
    brace-expansion "^1.0.0"

minimist@0.0.8, minimist@~0.0.1:
  version "0.0.8"
  resolved "https://unpm.uberinternal.com/minimist/-/minimist-0.0.8.tgz#857fcabfc3397d2625b8228262e86aa7a011b05d"

minimist@^0.2.0:
  version "0.2.0"
  resolved "https://unpm.uberinternal.com/minimist/-/minimist-0.2.0.tgz#4dffe525dae2b864c66c2e23c6271d7afdecefce"

minimist@^1.1.0, minimist@~1.1.0:
  version "1.1.3"
  resolved "https://unpm.uberinternal.com/minimist/-/minimist-1.1.3.tgz#3bedfd91a92d39016fcfaa1c681e8faa1a1efda8"

mkdirp@0.5.x, "mkdirp@>=0.5 0", mkdirp@^0.5.0:
  version "0.5.1"
  resolved "https://unpm.uberinternal.com/mkdirp/-/mkdirp-0.5.1.tgz#30057438eac6cf7f8c4767f38648d6697d75c903"
  dependencies:
    minimist "0.0.8"

ms@0.7.2:
  version "0.7.2"
  resolved "https://unpm.uberinternal.com/ms/-/ms-0.7.2.tgz#ae25cf2512b3885a1d95d7f037868d8431124765"

natives@^1.1.0:
  version "1.1.0"
  resolved "https://unpm.uberinternal.com/natives/-/natives-1.1.0.tgz#e9ff841418a6b2ec7a495e939984f78f163e6e31"

node-fetch@^1.0.1:
  version "1.6.3"
  resolved "https://unpm.uberinternal.com/node-fetch/-/node-fetch-1.6.3.tgz#dc234edd6489982d58e8f0db4f695029abcd8c04"
  dependencies:
    encoding "^0.1.11"
    is-stream "^1.0.1"

nopt@3.x:
  version "3.0.6"
  resolved "https://unpm.uberinternal.com/nopt/-/nopt-3.0.6.tgz#c6465dbf08abcd4db359317f79ac68a646b28ff9"
  dependencies:
    abbrev "1"

npm-path@^1.0.0:
  version "1.1.0"
  resolved "https://unpm.uberinternal.com/npm-path/-/npm-path-1.1.0.tgz#0474ae00419c327d54701b7cf2cd05dc88be1140"
  dependencies:
    which "^1.2.4"

npm-which@^2.0.0:
  version "2.0.0"
  resolved "https://unpm.uberinternal.com/npm-which/-/npm-which-2.0.0.tgz#0c46982160b783093661d1d01bd4496d2feabbac"
  dependencies:
    commander "^2.2.0"
    npm-path "^1.0.0"
    which "^1.0.5"

number-is-nan@^1.0.0:
  version "1.0.1"
  resolved "https://unpm.uberinternal.com/number-is-nan/-/number-is-nan-1.0.1.tgz#097b602b53422a522c1afb8790318336941a011d"

object-assign@^1.0.0:
  version "1.0.0"
  resolved "https://unpm.uberinternal.com/object-assign/-/object-assign-1.0.0.tgz#e65dc8766d3b47b4b8307465c8311da030b070a6"

object-assign@^4.1.0:
  version "4.1.1"
  resolved "https://unpm.uberinternal.com/object-assign/-/object-assign-4.1.1.tgz#2109adc7965887cfc05cbbd442cac8bfbb360863"

object-inspect@~0.4.0:
  version "0.4.0"
  resolved "https://unpm.uberinternal.com/object-inspect/-/object-inspect-0.4.0.tgz#f5157c116c1455b243b06ee97703392c5ad89fec"

once@1.x, once@^1.3.0:
  version "1.4.0"
  resolved "https://unpm.uberinternal.com/once/-/once-1.4.0.tgz#583b1aa775961d4b113ac17d9c50baef9dd76bd1"
  dependencies:
    wrappy "1"

opn@^1.0.0:
  version "1.0.2"
  resolved "https://unpm.uberinternal.com/opn/-/opn-1.0.2.tgz#b909643346d00a1abc977a8b96f3ce3c53d5cf5f"

optimist@^0.6.1:
  version "0.6.1"
  resolved "https://unpm.uberinternal.com/optimist/-/optimist-0.6.1.tgz#da3ea74686fa21a19a111c326e90eb15a0196686"
  dependencies:
    minimist "~0.0.1"
    wordwrap "~0.0.2"

optionator@^0.4.0:
  version "0.4.0"
  resolved "https://unpm.uberinternal.com/optionator/-/optionator-0.4.0.tgz#e79c7926ff7d550f92c714dfc3da21d7877ebea6"
  dependencies:
    deep-is "~0.1.2"
    fast-levenshtein "~1.0.0"
    levn "~0.2.5"
    prelude-ls "~1.1.0"
    type-check "~0.3.1"
    wordwrap "~0.0.2"

optionator@^0.5.0:
  version "0.5.0"
  resolved "https://unpm.uberinternal.com/optionator/-/optionator-0.5.0.tgz#b75a8995a2d417df25b6e4e3862f50aa88651368"
  dependencies:
    deep-is "~0.1.2"
    fast-levenshtein "~1.0.0"
    levn "~0.2.5"
    prelude-ls "~1.1.1"
    type-check "~0.3.1"
    wordwrap "~0.0.2"

partial@0.0.3:
  version "0.0.3"
  resolved "https://unpm.uberinternal.com/partial/-/partial-0.0.3.tgz#2d107bed98fcea8d28d7665495b39e61dfcd18c6"

path-is-absolute@^1.0.0:
  version "1.0.1"
  resolved "https://unpm.uberinternal.com/path-is-absolute/-/path-is-absolute-1.0.1.tgz#174b9268735534ffbc7ace6bf53a5a9e1b5c5f5f"

pause-stream@0.0.11:
  version "0.0.11"
  resolved "https://unpm.uberinternal.com/pause-stream/-/pause-stream-0.0.11.tgz#fe5a34b0cbce12b5aa6a2b403ee2e73b602f1445"
  dependencies:
    through "~2.3"

pluralize@^1.1.0:
  version "1.2.1"
  resolved "https://unpm.uberinternal.com/pluralize/-/pluralize-1.2.1.tgz#d1a21483fd22bb41e58a12fa3421823140897c45"

prelude-ls@~1.1.0, prelude-ls@~1.1.1, prelude-ls@~1.1.2:
  version "1.1.2"
  resolved "https://unpm.uberinternal.com/prelude-ls/-/prelude-ls-1.1.2.tgz#21932a549f5e52ffd9a827f570e04be62a97da54"

process-nextick-args@~1.0.6:
  version "1.0.7"
  resolved "https://unpm.uberinternal.com/process-nextick-args/-/process-nextick-args-1.0.7.tgz#150e20b756590ad3f91093f25a4f2ad8bff30ba3"

process@^0.10.0:
  version "0.10.1"
  resolved "https://unpm.uberinternal.com/process/-/process-0.10.1.tgz#842457cc51cfed72dc775afeeafb8c6034372725"

promise@^7.1.1:
  version "7.1.1"
  resolved "https://unpm.uberinternal.com/promise/-/promise-7.1.1.tgz#489654c692616b8aa55b0724fa809bb7db49c5bf"
  dependencies:
    asap "~2.0.3"

prop-types@^15.5.7, prop-types@~15.5.7:
  version "15.5.8"
  resolved "https://unpm.uberinternal.com/prop-types/-/prop-types-15.5.8.tgz#6b7b2e141083be38c8595aa51fc55775c7199394"
  dependencies:
    fbjs "^0.8.9"

react-dom@^15.0.0:
  version "15.5.4"
  resolved "https://unpm.uberinternal.com/react-dom/-/react-dom-15.5.4.tgz#ba0c28786fd52ed7e4f2135fe0288d462aef93da"
  dependencies:
    fbjs "^0.8.9"
    loose-envify "^1.1.0"
    object-assign "^4.1.0"
    prop-types "~15.5.7"

react@^15.0.0:
  version "15.5.4"
  resolved "https://unpm.uberinternal.com/react/-/react-15.5.4.tgz#fa83eb01506ab237cdc1c8c3b1cea8de012bf047"
  dependencies:
    fbjs "^0.8.9"
    loose-envify "^1.1.0"
    object-assign "^4.1.0"
    prop-types "^15.5.7"

readable-stream@1.1, readable-stream@~1.1.11:
  version "1.1.14"
  resolved "https://unpm.uberinternal.com/readable-stream/-/readable-stream-1.1.14.tgz#7cf4c54ef648e3813084c636dd2079e166c081d9"
  dependencies:
    core-util-is "~1.0.0"
    inherits "~2.0.1"
    isarray "0.0.1"
    string_decoder "~0.10.x"

"readable-stream@>=1.0.33-1 <1.1.0-0", readable-stream@~1.0.17:
  version "1.0.34"
  resolved "https://unpm.uberinternal.com/readable-stream/-/readable-stream-1.0.34.tgz#125820e34bc842d2f2aaafafe4c2916ee32c157c"
  dependencies:
    core-util-is "~1.0.0"
    inherits "~2.0.1"
    isarray "0.0.1"
    string_decoder "~0.10.x"

readable-stream@^2.2.2:
  version "2.2.9"
  resolved "https://unpm.uberinternal.com/readable-stream/-/readable-stream-2.2.9.tgz#cf78ec6f4a6d1eb43d26488cac97f042e74b7fc8"
  dependencies:
    buffer-shims "~1.0.0"
    core-util-is "~1.0.0"
    inherits "~2.0.1"
    isarray "~1.0.0"
    process-nextick-args "~1.0.6"
    string_decoder "~1.0.0"
    util-deprecate "~1.0.1"

regenerate@~1.0.1:
  version "1.0.1"
  resolved "https://unpm.uberinternal.com/regenerate/-/regenerate-1.0.1.tgz#3905476f2a28044ebe70c47e0a4d11d9d17b7424"

repeat-string@^1.5.2:
  version "1.6.1"
  resolved "https://unpm.uberinternal.com/repeat-string/-/repeat-string-1.6.1.tgz#8dcae470e1c88abc2d600fff4a776286da75e637"

repeating@^1.1.0:
  version "1.1.3"
  resolved "https://unpm.uberinternal.com/repeating/-/repeating-1.1.3.tgz#3d4114218877537494f97f77f9785fab810fa4ac"
  dependencies:
    is-finite "^1.0.0"

resolve@1.1.x, resolve@^1.0.0:
  version "1.1.7"
  resolved "https://unpm.uberinternal.com/resolve/-/resolve-1.1.7.tgz#203114d82ad2c5ed9e8e0411b3932875e889e97b"

resumer@~0.0.0:
  version "0.0.0"
  resolved "https://unpm.uberinternal.com/resumer/-/resumer-0.0.0.tgz#f1e8f461e4064ba39e82af3cdc2a8c893d076759"
  dependencies:
    through "~2.3.4"

right-align@^0.1.1:
  version "0.1.3"
  resolved "https://unpm.uberinternal.com/right-align/-/right-align-0.1.3.tgz#61339b722fe6a3515689210d24e14c96148613ef"
  dependencies:
    align-text "^0.1.1"

rimraf@2:
  version "2.6.1"
  resolved "https://unpm.uberinternal.com/rimraf/-/rimraf-2.6.1.tgz#c2338ec643df7a1b7fe5c54fa86f57428a55f33d"
  dependencies:
    glob "^7.0.5"

setimmediate@^1.0.5:
  version "1.0.5"
  resolved "https://unpm.uberinternal.com/setimmediate/-/setimmediate-1.0.5.tgz#290cbb232e306942d7d7ea9b83732ab7856f8285"

shelljs@0.3.x:
  version "0.3.0"
  resolved "https://unpm.uberinternal.com/shelljs/-/shelljs-0.3.0.tgz#3596e6307a781544f591f37da618360f31db57b1"

sigmund@~1.0.0:
  version "1.0.1"
  resolved "https://unpm.uberinternal.com/sigmund/-/sigmund-1.0.1.tgz#3ff21f198cad2175f9f3b781853fd94d0d19b590"

source-map@^0.4.4:
  version "0.4.4"
  resolved "https://unpm.uberinternal.com/source-map/-/source-map-0.4.4.tgz#eba4f5da9c0dc999de68032d8b4f76173652036b"
  dependencies:
    amdefine ">=0.0.4"

source-map@~0.2.0:
  version "0.2.0"
  resolved "https://unpm.uberinternal.com/source-map/-/source-map-0.2.0.tgz#dab73fbcfc2ba819b4de03bd6f6eaa48164b3f9d"
  dependencies:
    amdefine ">=0.0.4"

source-map@~0.5.1:
  version "0.5.6"
  resolved "https://unpm.uberinternal.com/source-map/-/source-map-0.5.6.tgz#75ce38f52bf0733c5a7f0c118d81334a2bb5f412"

split@0.3:
  version "0.3.3"
  resolved "https://unpm.uberinternal.com/split/-/split-0.3.3.tgz#cd0eea5e63a211dfff7eb0f091c4133e2d0dd28f"
  dependencies:
    through "2"

sprintf-js@~1.0.2:
  version "1.0.3"
  resolved "https://unpm.uberinternal.com/sprintf-js/-/sprintf-js-1.0.3.tgz#04e6926f662895354f3dd015203633b857297e2c"

stream-combiner@~0.0.4:
  version "0.0.4"
  resolved "https://unpm.uberinternal.com/stream-combiner/-/stream-combiner-0.0.4.tgz#4d5e433c185261dde623ca3f44c586bcf5c4ad14"
  dependencies:
    duplexer "~0.1.1"

string_decoder@~0.10.x:
  version "0.10.31"
  resolved "https://unpm.uberinternal.com/string_decoder/-/string_decoder-0.10.31.tgz#62e203bc41766c6c28c9fc84301dab1c5310fa94"

string_decoder@~1.0.0:
  version "1.0.0"
  resolved "https://unpm.uberinternal.com/string_decoder/-/string_decoder-1.0.0.tgz#f06f41157b664d86069f84bdbdc9b0d8ab281667"
  dependencies:
    buffer-shims "~1.0.0"

strip-ansi@^0.3.0:
  version "0.3.0"
  resolved "https://unpm.uberinternal.com/strip-ansi/-/strip-ansi-0.3.0.tgz#25f48ea22ca79187f3174a4db8759347bb126220"
  dependencies:
    ansi-regex "^0.2.1"

strip-json-comments@1.0.x, strip-json-comments@~1.0.1:
  version "1.0.4"
  resolved "https://unpm.uberinternal.com/strip-json-comments/-/strip-json-comments-1.0.4.tgz#1e15fbcac97d3ee99bf2d73b4c656b082bbafb91"

supports-color@^0.2.0:
  version "0.2.0"
  resolved "https://unpm.uberinternal.com/supports-color/-/supports-color-0.2.0.tgz#d92de2694eb3f67323973d7ae3d8b55b4c22190a"

supports-color@^3.1.0:
  version "3.2.3"
  resolved "https://unpm.uberinternal.com/supports-color/-/supports-color-3.2.3.tgz#65ac0504b3954171d8a64946b2ae3cbb8a5f54f6"
  dependencies:
    has-flag "^1.0.0"

supports-color@~1.2.0:
  version "1.2.1"
  resolved "https://unpm.uberinternal.com/supports-color/-/supports-color-1.2.1.tgz#12ee21507086cd98c1058d9ec0f4ac476b7af3b2"

tap-parser@~0.7.0:
  version "0.7.0"
  resolved "https://unpm.uberinternal.com/tap-parser/-/tap-parser-0.7.0.tgz#728a61d64680a5b48d5dbd9dbd0a4d48f5c35bcb"
  dependencies:
    inherits "~2.0.1"
    minimist "^0.2.0"
    readable-stream "~1.1.11"

tap-spec@^1.0.0:
  version "1.0.1"
  resolved "https://unpm.uberinternal.com/tap-spec/-/tap-spec-1.0.1.tgz#29bd1d28a18e7e18abf51ab1513db36a6e816d98"
  dependencies:
    chalk "~0.5.1"
    duplexer "~0.1.1"
    tap-parser "~0.7.0"
    through2 "~0.6.1"

tape@^3.0.0:
  version "3.6.1"
  resolved "https://unpm.uberinternal.com/tape/-/tape-3.6.1.tgz#4893dd53e280a5f58c0ceb30c2c0ebb3bcd51e1f"
  dependencies:
    deep-equal "~0.2.0"
    defined "~0.0.0"
    glob "~3.2.9"
    inherits "~2.0.1"
    object-inspect "~0.4.0"
    resumer "~0.0.0"
    through "~2.3.4"

text-table@^0.2.0, text-table@~0.2.0:
  version "0.2.0"
  resolved "https://unpm.uberinternal.com/text-table/-/text-table-0.2.0.tgz#7f5ee823ae805207c00af2df4a84ec3fcfa570b4"

through2-spy@^1.2.0:
  version "1.2.0"
  resolved "https://unpm.uberinternal.com/through2-spy/-/through2-spy-1.2.0.tgz#9c891ca9ca40e1e1e4cf31e1ac57f94cc9d248cb"
  dependencies:
    through2 "~0.5.1"
    xtend "~3.0.0"

through2@^0.6.1, through2@^0.6.3, through2@~0.6.1:
  version "0.6.5"
  resolved "https://unpm.uberinternal.com/through2/-/through2-0.6.5.tgz#41ab9c67b29d57209071410e1d7a7a968cd3ad48"
  dependencies:
    readable-stream ">=1.0.33-1 <1.1.0-0"
    xtend ">=4.0.0 <4.1.0-0"

through2@~0.5.1:
  version "0.5.1"
  resolved "https://unpm.uberinternal.com/through2/-/through2-0.5.1.tgz#dfdd012eb9c700e2323fd334f38ac622ab372da7"
  dependencies:
    readable-stream "~1.0.17"
    xtend "~3.0.0"

through@2, through@~2.3, through@~2.3.1, through@~2.3.4:
  version "2.3.8"
  resolved "https://unpm.uberinternal.com/through/-/through-2.3.8.tgz#0dd4c9ffaabc357960b1b724115d7e0e86a2e1f5"

type-check@~0.3.1:
  version "0.3.2"
  resolved "https://unpm.uberinternal.com/type-check/-/type-check-0.3.2.tgz#5884cab512cf1d355e3fb784f30804b2b520db72"
  dependencies:
    prelude-ls "~1.1.2"

type-component@0.0.1:
  version "0.0.1"
  resolved "https://unpm.uberinternal.com/type-component/-/type-component-0.0.1.tgz#952a6c81c21efd24d13d811d0c8498cb860e1956"

typedarray@^0.0.6:
  version "0.0.6"
  resolved "https://unpm.uberinternal.com/typedarray/-/typedarray-0.0.6.tgz#867ac74e3864187b1d3d47d996a78ec5c8830777"

ua-parser-js@^0.7.9:
  version "0.7.12"
  resolved "https://unpm.uberinternal.com/ua-parser-js/-/ua-parser-js-0.7.12.tgz#04c81a99bdd5dc52263ea29d24c6bf8d4818a4bb"

uglify-js@^2.6:
  version "2.8.22"
  resolved "https://unpm.uberinternal.com/uglify-js/-/uglify-js-2.8.22.tgz#d54934778a8da14903fa29a326fb24c0ab51a1a0"
  dependencies:
    source-map "~0.5.1"
    yargs "~3.10.0"
  optionalDependencies:
    uglify-to-browserify "~1.0.0"

uglify-to-browserify@~1.0.0:
  version "1.0.2"
  resolved "https://unpm.uberinternal.com/uglify-to-browserify/-/uglify-to-browserify-1.0.2.tgz#6e0924d6bda6b5afe349e39a6d632850a0f882b7"

underscore@1.6.x:
  version "1.6.0"
  resolved "https://unpm.uberinternal.com/underscore/-/underscore-1.6.0.tgz#8b38b10cacdef63337b8b24e4ff86d45aea529a8"

unicode-6.3.0@~0.1.5:
  version "0.1.6"
  resolved "https://unpm.uberinternal.com/unicode-6.3.0/-/unicode-6.3.0-0.1.6.tgz#b36f0061cfc08151a9453b0e0be31c4d3d0ba3bf"

user-home@^1.0.0:
  version "1.1.1"
  resolved "https://unpm.uberinternal.com/user-home/-/user-home-1.1.1.tgz#2b5be23a32b63a7c9deb8d0f28d485724a3df190"

util-deprecate@~1.0.1:
  version "1.0.2"
  resolved "https://unpm.uberinternal.com/util-deprecate/-/util-deprecate-1.0.2.tgz#450d4dc9fa70de732762fbd2d4a28981419a0ccf"

uuid@^2.0.2:
  version "2.0.3"
  resolved "https://unpm.uberinternal.com/uuid/-/uuid-2.0.3.tgz#67e2e863797215530dff318e5bf9dcebfd47b21a"

vow-fs@~0.3.1:
  version "0.3.6"
  resolved "https://unpm.uberinternal.com/vow-fs/-/vow-fs-0.3.6.tgz#2d4c59be22e2bf2618ddf597ab4baa923be7200d"
  dependencies:
    glob "^7.0.5"
    uuid "^2.0.2"
    vow "^0.4.7"
    vow-queue "^0.4.1"

vow-queue@^0.4.1:
  version "0.4.2"
  resolved "https://unpm.uberinternal.com/vow-queue/-/vow-queue-0.4.2.tgz#e7fe17160e15c7c4184d1b666a9bc64e18e30184"
  dependencies:
    vow "~0.4.0"

vow@^0.4.7, vow@~0.4.0, vow@~0.4.3:
  version "0.4.15"
  resolved "https://unpm.uberinternal.com/vow/-/vow-0.4.15.tgz#0579163aff6ba0ae05c456b2c0e4ca6373f111b3"

whatwg-fetch@>=0.10.0:
  version "2.0.3"
  resolved "https://unpm.uberinternal.com/whatwg-fetch/-/whatwg-fetch-2.0.3.tgz#9c84ec2dcf68187ff00bc64e1274b442176e1c84"

which@^1.0.5, which@^1.1.1, which@^1.2.4:
  version "1.2.14"
  resolved "https://unpm.uberinternal.com/which/-/which-1.2.14.tgz#9a87c4378f03e827cecaf1acdf56c736c01c14e5"
  dependencies:
    isexe "^2.0.0"

window-size@0.1.0:
  version "0.1.0"
  resolved "https://unpm.uberinternal.com/window-size/-/window-size-0.1.0.tgz#5438cd2ea93b202efa3a19fe8887aee7c94f9c9d"

wordwrap@0.0.2:
  version "0.0.2"
  resolved "https://unpm.uberinternal.com/wordwrap/-/wordwrap-0.0.2.tgz#b79669bb42ecb409f83d583cad52ca17eaa1643f"

wordwrap@^1.0.0:
  version "1.0.0"
  resolved "https://unpm.uberinternal.com/wordwrap/-/wordwrap-1.0.0.tgz#27584810891456a4171c8d0226441ade90cbcaeb"

wordwrap@~0.0.2:
  version "0.0.3"
  resolved "https://unpm.uberinternal.com/wordwrap/-/wordwrap-0.0.3.tgz#a3d5da6cd5c0bc0008d37234bbaf1bed63059107"

wrappy@1:
  version "1.0.2"
  resolved "https://unpm.uberinternal.com/wrappy/-/wrappy-1.0.2.tgz#b5243d8f3ec1aa35f1364605bc0d1036e30ab69f"

xml-escape@~1.0.0:
  version "1.0.0"
  resolved "https://unpm.uberinternal.com/xml-escape/-/xml-escape-1.0.0.tgz#00963d697b2adf0c185c4e04e73174ba9b288eb2"

xmlbuilder@~2.4.0:
  version "2.4.6"
  resolved "https://unpm.uberinternal.com/xmlbuilder/-/xmlbuilder-2.4.6.tgz#42c664f1358864e5beb1461b4346aec87b63450f"
  dependencies:
    lodash-node "~2.4.1"

"xtend@>=4.0.0 <4.1.0-0", xtend@^4.0.0:
  version "4.0.1"
  resolved "https://unpm.uberinternal.com/xtend/-/xtend-4.0.1.tgz#a5c6d532be656e23db820efb943a1f04998d63af"

xtend@~3.0.0:
  version "3.0.0"
  resolved "https://unpm.uberinternal.com/xtend/-/xtend-3.0.0.tgz#5cce7407baf642cba7becda568111c493f59665a"

yargs@~3.10.0:
  version "3.10.0"
  resolved "https://unpm.uberinternal.com/yargs/-/yargs-3.10.0.tgz#f7ee7bd857dd7c1d2d38c0e74efbd681d1431fd1"
  dependencies:
    camelcase "^1.0.2"
    cliui "^2.1.0"
    decamelize "^1.0.0"
    window-size "0.1.0"
